// !$*UTF8*$!
{
	archiveVersion = 1;
	classes = {
	};
	objectVersion = 51;
	objects = {

/* Begin PBXBuildFile section */
		4AE84B6DA283854A2AF33765 /* Pods_weatherApp.framework in Frameworks */ = {isa = PBXBuildFile; fileRef = 2F024E1A329CDF19ECFB139D /* Pods_weatherApp.framework */; };
		622A5D6223A01C9300FE4CBE /* APIServices.swift in Sources */ = {isa = PBXBuildFile; fileRef = 622A5D6123A01C9300FE4CBE /* APIServices.swift */; };
		622A5D6423A0257E00FE4CBE /* Forecast.swift in Sources */ = {isa = PBXBuildFile; fileRef = 622A5D6323A0257E00FE4CBE /* Forecast.swift */; };
		622B37D3239EE5DF00A1E2BB /* AppDelegate.swift in Sources */ = {isa = PBXBuildFile; fileRef = 622B37D2239EE5DF00A1E2BB /* AppDelegate.swift */; };
		622B37D5239EE5DF00A1E2BB /* SceneDelegate.swift in Sources */ = {isa = PBXBuildFile; fileRef = 622B37D4239EE5DF00A1E2BB /* SceneDelegate.swift */; };
		622B37D7239EE5DF00A1E2BB /* ViewController.swift in Sources */ = {isa = PBXBuildFile; fileRef = 622B37D6239EE5DF00A1E2BB /* ViewController.swift */; };
		622B37DA239EE5DF00A1E2BB /* Main.storyboard in Resources */ = {isa = PBXBuildFile; fileRef = 622B37D8239EE5DF00A1E2BB /* Main.storyboard */; };
		622B37DC239EE5E500A1E2BB /* Assets.xcassets in Resources */ = {isa = PBXBuildFile; fileRef = 622B37DB239EE5E500A1E2BB /* Assets.xcassets */; };
		622B37DF239EE5E500A1E2BB /* LaunchScreen.storyboard in Resources */ = {isa = PBXBuildFile; fileRef = 622B37DD239EE5E500A1E2BB /* LaunchScreen.storyboard */; };
		622DD30223ABF91D004513DE /* IndexForecastModel.swift in Sources */ = {isa = PBXBuildFile; fileRef = 622DD30123ABF91D004513DE /* IndexForecastModel.swift */; };
		622DEBE823B0E5F70084FBA1 /* DayForecast.swift in Sources */ = {isa = PBXBuildFile; fileRef = 622DEBE723B0E5F70084FBA1 /* DayForecast.swift */; };
		622DEBEA23B0E6460084FBA1 /* Main.swift in Sources */ = {isa = PBXBuildFile; fileRef = 622DEBE923B0E6460084FBA1 /* Main.swift */; };
		622DEBEC23B0E6720084FBA1 /* Weather.swift in Sources */ = {isa = PBXBuildFile; fileRef = 622DEBEB23B0E6720084FBA1 /* Weather.swift */; };
		622DEBEE23B0E7010084FBA1 /* City.swift in Sources */ = {isa = PBXBuildFile; fileRef = 622DEBED23B0E7010084FBA1 /* City.swift */; };
		624FB34B23A0E95B00DD9FD1 /* ForecastTableViewCell.swift in Sources */ = {isa = PBXBuildFile; fileRef = 624FB34A23A0E95B00DD9FD1 /* ForecastTableViewCell.swift */; };
		624FB35323A1236000DD9FD1 /* DataBase.swift in Sources */ = {isa = PBXBuildFile; fileRef = 624FB35223A1236000DD9FD1 /* DataBase.swift */; };
		624FB35523A1383000DD9FD1 /* CurrentWeatherModel.swift in Sources */ = {isa = PBXBuildFile; fileRef = 624FB35423A1383000DD9FD1 /* CurrentWeatherModel.swift */; };
		62B0B7C123ABADD500CA4B24 /* Setup.swift in Sources */ = {isa = PBXBuildFile; fileRef = 62B0B7C023ABADD500CA4B24 /* Setup.swift */; };
/* End PBXBuildFile section */

/* Begin PBXFileReference section */
		2F024E1A329CDF19ECFB139D /* Pods_weatherApp.framework */ = {isa = PBXFileReference; explicitFileType = wrapper.framework; includeInIndex = 0; path = Pods_weatherApp.framework; sourceTree = BUILT_PRODUCTS_DIR; };
		622A5D6123A01C9300FE4CBE /* APIServices.swift */ = {isa = PBXFileReference; lastKnownFileType = sourcecode.swift; path = APIServices.swift; sourceTree = "<group>"; };
		622A5D6323A0257E00FE4CBE /* Forecast.swift */ = {isa = PBXFileReference; lastKnownFileType = sourcecode.swift; path = Forecast.swift; sourceTree = "<group>"; };
		622B37CF239EE5DF00A1E2BB /* WeatherApp.app */ = {isa = PBXFileReference; explicitFileType = wrapper.application; includeInIndex = 0; path = WeatherApp.app; sourceTree = BUILT_PRODUCTS_DIR; };
		622B37D2239EE5DF00A1E2BB /* AppDelegate.swift */ = {isa = PBXFileReference; lastKnownFileType = sourcecode.swift; path = AppDelegate.swift; sourceTree = "<group>"; };
		622B37D4239EE5DF00A1E2BB /* SceneDelegate.swift */ = {isa = PBXFileReference; lastKnownFileType = sourcecode.swift; path = SceneDelegate.swift; sourceTree = "<group>"; };
		622B37D6239EE5DF00A1E2BB /* ViewController.swift */ = {isa = PBXFileReference; lastKnownFileType = sourcecode.swift; path = ViewController.swift; sourceTree = "<group>"; };
		622B37D9239EE5DF00A1E2BB /* Base */ = {isa = PBXFileReference; lastKnownFileType = file.storyboard; name = Base; path = Base.lproj/Main.storyboard; sourceTree = "<group>"; };
		622B37DB239EE5E500A1E2BB /* Assets.xcassets */ = {isa = PBXFileReference; lastKnownFileType = folder.assetcatalog; path = Assets.xcassets; sourceTree = "<group>"; };
		622B37DE239EE5E500A1E2BB /* Base */ = {isa = PBXFileReference; lastKnownFileType = file.storyboard; name = Base; path = Base.lproj/LaunchScreen.storyboard; sourceTree = "<group>"; };
		622B37E0239EE5E500A1E2BB /* Info.plist */ = {isa = PBXFileReference; lastKnownFileType = text.plist.xml; path = Info.plist; sourceTree = "<group>"; };
		622DD30123ABF91D004513DE /* IndexForecastModel.swift */ = {isa = PBXFileReference; lastKnownFileType = sourcecode.swift; path = IndexForecastModel.swift; sourceTree = "<group>"; };
		622DEBE723B0E5F70084FBA1 /* DayForecast.swift */ = {isa = PBXFileReference; lastKnownFileType = sourcecode.swift; path = DayForecast.swift; sourceTree = "<group>"; };
		622DEBE923B0E6460084FBA1 /* Main.swift */ = {isa = PBXFileReference; lastKnownFileType = sourcecode.swift; path = Main.swift; sourceTree = "<group>"; };
		622DEBEB23B0E6720084FBA1 /* Weather.swift */ = {isa = PBXFileReference; lastKnownFileType = sourcecode.swift; path = Weather.swift; sourceTree = "<group>"; };
		622DEBED23B0E7010084FBA1 /* City.swift */ = {isa = PBXFileReference; lastKnownFileType = sourcecode.swift; path = City.swift; sourceTree = "<group>"; };
		624FB34A23A0E95B00DD9FD1 /* ForecastTableViewCell.swift */ = {isa = PBXFileReference; lastKnownFileType = sourcecode.swift; path = ForecastTableViewCell.swift; sourceTree = "<group>"; };
		624FB35223A1236000DD9FD1 /* DataBase.swift */ = {isa = PBXFileReference; lastKnownFileType = sourcecode.swift; path = DataBase.swift; sourceTree = "<group>"; };
		624FB35423A1383000DD9FD1 /* CurrentWeatherModel.swift */ = {isa = PBXFileReference; lastKnownFileType = sourcecode.swift; path = CurrentWeatherModel.swift; sourceTree = "<group>"; };
		62B0B7C023ABADD500CA4B24 /* Setup.swift */ = {isa = PBXFileReference; lastKnownFileType = sourcecode.swift; name = Setup.swift; path = Sources/ViewControllers/Setup.swift; sourceTree = SOURCE_ROOT; };
		6D76B8E589B89C8511E73ED2 /* Pods-weatherApp.release.xcconfig */ = {isa = PBXFileReference; includeInIndex = 1; lastKnownFileType = text.xcconfig; name = "Pods-weatherApp.release.xcconfig"; path = "Target Support Files/Pods-weatherApp/Pods-weatherApp.release.xcconfig"; sourceTree = "<group>"; };
		744FDEE12584850D33F75264 /* Pods-weatherApp.debug.xcconfig */ = {isa = PBXFileReference; includeInIndex = 1; lastKnownFileType = text.xcconfig; name = "Pods-weatherApp.debug.xcconfig"; path = "Target Support Files/Pods-weatherApp/Pods-weatherApp.debug.xcconfig"; sourceTree = "<group>"; };
/* End PBXFileReference section */

/* Begin PBXFrameworksBuildPhase section */
		622B37CC239EE5DF00A1E2BB /* Frameworks */ = {
			isa = PBXFrameworksBuildPhase;
			buildActionMask = 2147483647;
			files = (
				4AE84B6DA283854A2AF33765 /* Pods_weatherApp.framework in Frameworks */,
			);
			runOnlyForDeploymentPostprocessing = 0;
		};
/* End PBXFrameworksBuildPhase section */

/* Begin PBXGroup section */
		622A5D5A23A009B400FE4CBE /* Sources */ = {
			isa = PBXGroup;
			children = (
				622A5D5B23A009D800FE4CBE /* ViewControllers */,
				622A5D5C23A009F100FE4CBE /* Data */,
			);
			path = Sources;
			sourceTree = "<group>";
		};
		622A5D5B23A009D800FE4CBE /* ViewControllers */ = {
			isa = PBXGroup;
			children = (
				622B37D6239EE5DF00A1E2BB /* ViewController.swift */,
				624FB34A23A0E95B00DD9FD1 /* ForecastTableViewCell.swift */,
			);
			path = ViewControllers;
			sourceTree = "<group>";
		};
		622A5D5C23A009F100FE4CBE /* Data */ = {
			isa = PBXGroup;
			children = (
				622DEBE423B0E54D0084FBA1 /* ForecastModel */,
				62B0B7C023ABADD500CA4B24 /* Setup.swift */,
				622A5D6123A01C9300FE4CBE /* APIServices.swift */,
				624FB35223A1236000DD9FD1 /* DataBase.swift */,
				622DD30123ABF91D004513DE /* IndexForecastModel.swift */,
				624FB35423A1383000DD9FD1 /* CurrentWeatherModel.swift */,
			);
			path = Data;
			sourceTree = "<group>";
		};
		622A5D5D23A00A1300FE4CBE /* Main */ = {
			isa = PBXGroup;
			children = (
				622B37D2239EE5DF00A1E2BB /* AppDelegate.swift */,
				622B37E0239EE5E500A1E2BB /* Info.plist */,
				622B37D4239EE5DF00A1E2BB /* SceneDelegate.swift */,
			);
			path = Main;
			sourceTree = "<group>";
		};
		622A5D6023A00A6A00FE4CBE /* Resources */ = {
			isa = PBXGroup;
			children = (
				622B37DD239EE5E500A1E2BB /* LaunchScreen.storyboard */,
				622B37DB239EE5E500A1E2BB /* Assets.xcassets */,
				622B37D8239EE5DF00A1E2BB /* Main.storyboard */,
			);
			path = Resources;
			sourceTree = "<group>";
		};
		622B37C6239EE5DE00A1E2BB = {
			isa = PBXGroup;
			children = (
				622A5D5A23A009B400FE4CBE /* Sources */,
				622A5D5D23A00A1300FE4CBE /* Main */,
				622A5D6023A00A6A00FE4CBE /* Resources */,
				622B37D0239EE5DF00A1E2BB /* Products */,
				CF86A216AF668F5579A31DE9 /* Pods */,
				B3F44BF3BC665A17DA7215D1 /* Frameworks */,
			);
			sourceTree = "<group>";
		};
		622B37D0239EE5DF00A1E2BB /* Products */ = {
			isa = PBXGroup;
			children = (
				622B37CF239EE5DF00A1E2BB /* WeatherApp.app */,
			);
			name = Products;
			sourceTree = "<group>";
		};
		622DEBE423B0E54D0084FBA1 /* ForecastModel */ = {
			isa = PBXGroup;
			children = (
				622A5D6323A0257E00FE4CBE /* Forecast.swift */,
				622DEBED23B0E7010084FBA1 /* City.swift */,
				622DEBE723B0E5F70084FBA1 /* DayForecast.swift */,
				622DEBE923B0E6460084FBA1 /* Main.swift */,
				622DEBEB23B0E6720084FBA1 /* Weather.swift */,
			);
			path = ForecastModel;
			sourceTree = "<group>";
		};
		B3F44BF3BC665A17DA7215D1 /* Frameworks */ = {
			isa = PBXGroup;
			children = (
				2F024E1A329CDF19ECFB139D /* Pods_weatherApp.framework */,
			);
			name = Frameworks;
			sourceTree = "<group>";
		};
		CF86A216AF668F5579A31DE9 /* Pods */ = {
			isa = PBXGroup;
			children = (
				744FDEE12584850D33F75264 /* Pods-weatherApp.debug.xcconfig */,
				6D76B8E589B89C8511E73ED2 /* Pods-weatherApp.release.xcconfig */,
			);
			path = Pods;
			sourceTree = "<group>";
		};
/* End PBXGroup section */

/* Begin PBXNativeTarget section */
		622B37CE239EE5DF00A1E2BB /* weatherApp */ = {
			isa = PBXNativeTarget;
			buildConfigurationList = 622B37E3239EE5E500A1E2BB /* Build configuration list for PBXNativeTarget "weatherApp" */;
			buildPhases = (
				96E4B2070B1287D93FAECB60 /* [CP] Check Pods Manifest.lock */,
				622B37CB239EE5DF00A1E2BB /* Sources */,
				622B37CC239EE5DF00A1E2BB /* Frameworks */,
				622B37CD239EE5DF00A1E2BB /* Resources */,
				7503EC16B8DDDFB2B60C012C /* [CP] Embed Pods Frameworks */,
			);
			buildRules = (
			);
			dependencies = (
			);
			name = weatherApp;
			productName = weatherApp;
			productReference = 622B37CF239EE5DF00A1E2BB /* WeatherApp.app */;
			productType = "com.apple.product-type.application";
		};
/* End PBXNativeTarget section */

/* Begin PBXProject section */
		622B37C7239EE5DE00A1E2BB /* Project object */ = {
			isa = PBXProject;
			attributes = {
				LastSwiftUpdateCheck = 1120;
				LastUpgradeCheck = 1120;
				ORGANIZATIONNAME = "Sergey Popyvanov";
				TargetAttributes = {
					622B37CE239EE5DF00A1E2BB = {
						CreatedOnToolsVersion = 11.2;
					};
				};
			};
			buildConfigurationList = 622B37CA239EE5DE00A1E2BB /* Build configuration list for PBXProject "WeatherApp" */;
			compatibilityVersion = "Xcode 9.3";
			developmentRegion = en;
			hasScannedForEncodings = 0;
			knownRegions = (
				en,
				Base,
			);
			mainGroup = 622B37C6239EE5DE00A1E2BB;
			productRefGroup = 622B37D0239EE5DF00A1E2BB /* Products */;
			projectDirPath = "";
			projectRoot = "";
			targets = (
				622B37CE239EE5DF00A1E2BB /* weatherApp */,
			);
		};
/* End PBXProject section */

/* Begin PBXResourcesBuildPhase section */
		622B37CD239EE5DF00A1E2BB /* Resources */ = {
			isa = PBXResourcesBuildPhase;
			buildActionMask = 2147483647;
			files = (
				622B37DF239EE5E500A1E2BB /* LaunchScreen.storyboard in Resources */,
				622B37DC239EE5E500A1E2BB /* Assets.xcassets in Resources */,
				622B37DA239EE5DF00A1E2BB /* Main.storyboard in Resources */,
			);
			runOnlyForDeploymentPostprocessing = 0;
		};
/* End PBXResourcesBuildPhase section */

/* Begin PBXShellScriptBuildPhase section */
		7503EC16B8DDDFB2B60C012C /* [CP] Embed Pods Frameworks */ = {
			isa = PBXShellScriptBuildPhase;
			buildActionMask = 2147483647;
			files = (
			);
			inputFileListPaths = (
				"${PODS_ROOT}/Target Support Files/Pods-weatherApp/Pods-weatherApp-frameworks-${CONFIGURATION}-input-files.xcfilelist",
			);
			name = "[CP] Embed Pods Frameworks";
			outputFileListPaths = (
				"${PODS_ROOT}/Target Support Files/Pods-weatherApp/Pods-weatherApp-frameworks-${CONFIGURATION}-output-files.xcfilelist",
			);
			runOnlyForDeploymentPostprocessing = 0;
			shellPath = /bin/sh;
			shellScript = "\"${PODS_ROOT}/Target Support Files/Pods-weatherApp/Pods-weatherApp-frameworks.sh\"\n";
			showEnvVarsInLog = 0;
		};
		96E4B2070B1287D93FAECB60 /* [CP] Check Pods Manifest.lock */ = {
			isa = PBXShellScriptBuildPhase;
			buildActionMask = 2147483647;
			files = (
			);
			inputFileListPaths = (
			);
			inputPaths = (
				"${PODS_PODFILE_DIR_PATH}/Podfile.lock",
				"${PODS_ROOT}/Manifest.lock",
			);
			name = "[CP] Check Pods Manifest.lock";
			outputFileListPaths = (
			);
			outputPaths = (
				"$(DERIVED_FILE_DIR)/Pods-weatherApp-checkManifestLockResult.txt",
			);
			runOnlyForDeploymentPostprocessing = 0;
			shellPath = /bin/sh;
			shellScript = "diff \"${PODS_PODFILE_DIR_PATH}/Podfile.lock\" \"${PODS_ROOT}/Manifest.lock\" > /dev/null\nif [ $? != 0 ] ; then\n    # print error to STDERR\n    echo \"error: The sandbox is not in sync with the Podfile.lock. Run 'pod install' or update your CocoaPods installation.\" >&2\n    exit 1\nfi\n# This output is used by Xcode 'outputs' to avoid re-running this script phase.\necho \"SUCCESS\" > \"${SCRIPT_OUTPUT_FILE_0}\"\n";
			showEnvVarsInLog = 0;
		};
/* End PBXShellScriptBuildPhase section */

/* Begin PBXSourcesBuildPhase section */
		622B37CB239EE5DF00A1E2BB /* Sources */ = {
			isa = PBXSourcesBuildPhase;
			buildActionMask = 2147483647;
			files = (
				622DD30223ABF91D004513DE /* IndexForecastModel.swift in Sources */,
				624FB35523A1383000DD9FD1 /* CurrentWeatherModel.swift in Sources */,
				624FB34B23A0E95B00DD9FD1 /* ForecastTableViewCell.swift in Sources */,
				622B37D7239EE5DF00A1E2BB /* ViewController.swift in Sources */,
				622DEBEA23B0E6460084FBA1 /* Main.swift in Sources */,
				622B37D3239EE5DF00A1E2BB /* AppDelegate.swift in Sources */,
				622DEBEE23B0E7010084FBA1 /* City.swift in Sources */,
				622DEBEC23B0E6720084FBA1 /* Weather.swift in Sources */,
				622DEBE823B0E5F70084FBA1 /* DayForecast.swift in Sources */,
				622A5D6223A01C9300FE4CBE /* APIServices.swift in Sources */,
				622A5D6423A0257E00FE4CBE /* Forecast.swift in Sources */,
				624FB35323A1236000DD9FD1 /* DataBase.swift in Sources */,
				62B0B7C123ABADD500CA4B24 /* Setup.swift in Sources */,
				622B37D5239EE5DF00A1E2BB /* SceneDelegate.swift in Sources */,
			);
			runOnlyForDeploymentPostprocessing = 0;
		};
/* End PBXSourcesBuildPhase section */

/* Begin PBXVariantGroup section */
		622B37D8239EE5DF00A1E2BB /* Main.storyboard */ = {
			isa = PBXVariantGroup;
			children = (
				622B37D9239EE5DF00A1E2BB /* Base */,
			);
			name = Main.storyboard;
			sourceTree = "<group>";
		};
		622B37DD239EE5E500A1E2BB /* LaunchScreen.storyboard */ = {
			isa = PBXVariantGroup;
			children = (
				622B37DE239EE5E500A1E2BB /* Base */,
			);
			name = LaunchScreen.storyboard;
			sourceTree = "<group>";
		};
/* End PBXVariantGroup section */

/* Begin XCBuildConfiguration section */
		622B37E1239EE5E500A1E2BB /* Debug */ = {
			isa = XCBuildConfiguration;
			buildSettings = {
				ALWAYS_SEARCH_USER_PATHS = NO;
				CLANG_ANALYZER_NONNULL = YES;
				CLANG_ANALYZER_NUMBER_OBJECT_CONVERSION = YES_AGGRESSIVE;
				CLANG_CXX_LANGUAGE_STANDARD = "gnu++14";
				CLANG_CXX_LIBRARY = "libc++";
				CLANG_ENABLE_MODULES = YES;
				CLANG_ENABLE_OBJC_ARC = YES;
				CLANG_ENABLE_OBJC_WEAK = YES;
				CLANG_WARN_BLOCK_CAPTURE_AUTORELEASING = YES;
				CLANG_WARN_BOOL_CONVERSION = YES;
				CLANG_WARN_COMMA = YES;
				CLANG_WARN_CONSTANT_CONVERSION = YES;
				CLANG_WARN_DEPRECATED_OBJC_IMPLEMENTATIONS = YES;
				CLANG_WARN_DIRECT_OBJC_ISA_USAGE = YES_ERROR;
				CLANG_WARN_DOCUMENTATION_COMMENTS = YES;
				CLANG_WARN_EMPTY_BODY = YES;
				CLANG_WARN_ENUM_CONVERSION = YES;
				CLANG_WARN_INFINITE_RECURSION = YES;
				CLANG_WARN_INT_CONVERSION = YES;
				CLANG_WARN_NON_LITERAL_NULL_CONVERSION = YES;
				CLANG_WARN_OBJC_IMPLICIT_RETAIN_SELF = YES;
				CLANG_WARN_OBJC_LITERAL_CONVERSION = YES;
				CLANG_WARN_OBJC_ROOT_CLASS = YES_ERROR;
				CLANG_WARN_RANGE_LOOP_ANALYSIS = YES;
				CLANG_WARN_STRICT_PROTOTYPES = YES;
				CLANG_WARN_SUSPICIOUS_MOVE = YES;
				CLANG_WARN_UNGUARDED_AVAILABILITY = YES_AGGRESSIVE;
				CLANG_WARN_UNREACHABLE_CODE = YES;
				CLANG_WARN__DUPLICATE_METHOD_MATCH = YES;
				COPY_PHASE_STRIP = NO;
				DEBUG_INFORMATION_FORMAT = dwarf;
				ENABLE_STRICT_OBJC_MSGSEND = YES;
				ENABLE_TESTABILITY = YES;
				GCC_C_LANGUAGE_STANDARD = gnu11;
				GCC_DYNAMIC_NO_PIC = NO;
				GCC_NO_COMMON_BLOCKS = YES;
				GCC_OPTIMIZATION_LEVEL = 0;
				GCC_PREPROCESSOR_DEFINITIONS = (
					"DEBUG=1",
					"$(inherited)",
				);
				GCC_WARN_64_TO_32_BIT_CONVERSION = YES;
				GCC_WARN_ABOUT_RETURN_TYPE = YES_ERROR;
				GCC_WARN_UNDECLARED_SELECTOR = YES;
				GCC_WARN_UNINITIALIZED_AUTOS = YES_AGGRESSIVE;
				GCC_WARN_UNUSED_FUNCTION = YES;
				GCC_WARN_UNUSED_VARIABLE = YES;
				IPHONEOS_DEPLOYMENT_TARGET = 13.2;
				MTL_ENABLE_DEBUG_INFO = INCLUDE_SOURCE;
				MTL_FAST_MATH = YES;
				ONLY_ACTIVE_ARCH = YES;
				SDKROOT = iphoneos;
				SWIFT_ACTIVE_COMPILATION_CONDITIONS = DEBUG;
				SWIFT_OPTIMIZATION_LEVEL = "-Onone";
			};
			name = Debug;
		};
		622B37E2239EE5E500A1E2BB /* Release */ = {
			isa = XCBuildConfiguration;
			buildSettings = {
				ALWAYS_SEARCH_USER_PATHS = NO;
				CLANG_ANALYZER_NONNULL = YES;
				CLANG_ANALYZER_NUMBER_OBJECT_CONVERSION = YES_AGGRESSIVE;
				CLANG_CXX_LANGUAGE_STANDARD = "gnu++14";
				CLANG_CXX_LIBRARY = "libc++";
				CLANG_ENABLE_MODULES = YES;
				CLANG_ENABLE_OBJC_ARC = YES;
				CLANG_ENABLE_OBJC_WEAK = YES;
				CLANG_WARN_BLOCK_CAPTURE_AUTORELEASING = YES;
				CLANG_WARN_BOOL_CONVERSION = YES;
				CLANG_WARN_COMMA = YES;
				CLANG_WARN_CONSTANT_CONVERSION = YES;
				CLANG_WARN_DEPRECATED_OBJC_IMPLEMENTATIONS = YES;
				CLANG_WARN_DIRECT_OBJC_ISA_USAGE = YES_ERROR;
				CLANG_WARN_DOCUMENTATION_COMMENTS = YES;
				CLANG_WARN_EMPTY_BODY = YES;
				CLANG_WARN_ENUM_CONVERSION = YES;
				CLANG_WARN_INFINITE_RECURSION = YES;
				CLANG_WARN_INT_CONVERSION = YES;
				CLANG_WARN_NON_LITERAL_NULL_CONVERSION = YES;
				CLANG_WARN_OBJC_IMPLICIT_RETAIN_SELF = YES;
				CLANG_WARN_OBJC_LITERAL_CONVERSION = YES;
				CLANG_WARN_OBJC_ROOT_CLASS = YES_ERROR;
				CLANG_WARN_RANGE_LOOP_ANALYSIS = YES;
				CLANG_WARN_STRICT_PROTOTYPES = YES;
				CLANG_WARN_SUSPICIOUS_MOVE = YES;
				CLANG_WARN_UNGUARDED_AVAILABILITY = YES_AGGRESSIVE;
				CLANG_WARN_UNREACHABLE_CODE = YES;
				CLANG_WARN__DUPLICATE_METHOD_MATCH = YES;
				COPY_PHASE_STRIP = NO;
				DEBUG_INFORMATION_FORMAT = "dwarf-with-dsym";
				ENABLE_NS_ASSERTIONS = NO;
				ENABLE_STRICT_OBJC_MSGSEND = YES;
				GCC_C_LANGUAGE_STANDARD = gnu11;
				GCC_NO_COMMON_BLOCKS = YES;
				GCC_WARN_64_TO_32_BIT_CONVERSION = YES;
				GCC_WARN_ABOUT_RETURN_TYPE = YES_ERROR;
				GCC_WARN_UNDECLARED_SELECTOR = YES;
				GCC_WARN_UNINITIALIZED_AUTOS = YES_AGGRESSIVE;
				GCC_WARN_UNUSED_FUNCTION = YES;
				GCC_WARN_UNUSED_VARIABLE = YES;
				IPHONEOS_DEPLOYMENT_TARGET = 13.2;
				MTL_ENABLE_DEBUG_INFO = NO;
				MTL_FAST_MATH = YES;
				SDKROOT = iphoneos;
				SWIFT_COMPILATION_MODE = wholemodule;
				SWIFT_OPTIMIZATION_LEVEL = "-O";
				VALIDATE_PRODUCT = YES;
			};
			name = Release;
		};
		622B37E4239EE5E500A1E2BB /* Debug */ = {
			isa = XCBuildConfiguration;
			baseConfigurationReference = 744FDEE12584850D33F75264 /* Pods-weatherApp.debug.xcconfig */;
			buildSettings = {
				ASSETCATALOG_COMPILER_APPICON_NAME = AppIcon;
				CODE_SIGN_STYLE = Automatic;
				INFOPLIST_FILE = main/Info.plist;
				LD_RUNPATH_SEARCH_PATHS = (
					"$(inherited)",
					"@executable_path/Frameworks",
				);
				PRODUCT_BUNDLE_IDENTIFIER = com.flyer2001.WeatherApp;
				PRODUCT_NAME = WeatherApp;
				SWIFT_VERSION = 5.0;
				TARGETED_DEVICE_FAMILY = "1,2";
			};
			name = Debug;
		};
		622B37E5239EE5E500A1E2BB /* Release */ = {
			isa = XCBuildConfiguration;
			baseConfigurationReference = 6D76B8E589B89C8511E73ED2 /* Pods-weatherApp.release.xcconfig */;
			buildSettings = {
				ASSETCATALOG_COMPILER_APPICON_NAME = AppIcon;
				CODE_SIGN_STYLE = Automatic;
				INFOPLIST_FILE = main/Info.plist;
				LD_RUNPATH_SEARCH_PATHS = (
					"$(inherited)",
					"@executable_path/Frameworks",
				);
				PRODUCT_BUNDLE_IDENTIFIER = com.flyer2001.WeatherApp;
				PRODUCT_NAME = WeatherApp;
				SWIFT_VERSION = 5.0;
				TARGETED_DEVICE_FAMILY = "1,2";
			};
			name = Release;
		};
/* End XCBuildConfiguration section */

/* Begin XCConfigurationList section */
		622B37CA239EE5DE00A1E2BB /* Build configuration list for PBXProject "WeatherApp" */ = {
			isa = XCConfigurationList;
			buildConfigurations = (
				622B37E1239EE5E500A1E2BB /* Debug */,
				622B37E2239EE5E500A1E2BB /* Release */,
			);
			defaultConfigurationIsVisible = 0;
			defaultConfigurationName = Release;
		};
		622B37E3239EE5E500A1E2BB /* Build configuration list for PBXNativeTarget "weatherApp" */ = {
			isa = XCConfigurationList;
			buildConfigurations = (
				622B37E4239EE5E500A1E2BB /* Debug */,
				622B37E5239EE5E500A1E2BB /* Release */,
			);
			defaultConfigurationIsVisible = 0;
			defaultConfigurationName = Release;
		};
/* End XCConfigurationList section */
	};
	rootObject = 622B37C7239EE5DE00A1E2BB /* Project object */;
}
